
Microsoft Visual Studio Solution File, Format Version 11.00
# Visual Studio 2010
Project("{8BC9CEB8-8B4A-11D0-8D11-00A0C91BC942}") = "cpp98audio_testapp", "cpp98audio_testapp\cpp98audio_testapp.vcxproj", "{A0B76245-E73E-4452-ACE6-D3B84AD94D90}"
EndProject
Global
	GlobalSection(SolutionConfigurationPlatforms) = preSolution
		Debug|Win32 = Debug|Win32
		Release|Win32 = Release|Win32
	EndGlobalSection
	GlobalSection(ProjectConfigurationPlatforms) = postSolution
		{A0B76245-E73E-4452-ACE6-D3B84AD94D90}.Debug|Win32.ActiveCfg = Debug|Win32
		{A0B76245-E73E-4452-ACE6-D3B84AD94D90}.Debug|Win32.Build.0 = Debug|Win32
		{A0B76245-E73E-4452-ACE6-D3B84AD94D90}.Release|Win32.ActiveCfg = Release|Win32
		{A0B76245-E73E-4452-ACE6-D3B84AD94D90}.Release|Win32.Build.0 = Release|Win32
	EndGlobalSection
	GlobalSection(SolutionProperties) = preSolution
		HideSolutionNode = FALSE
	EndGlobalSection
EndGlobal
